
Microsoft Visual Studio Solution File, Format Version 12.00
# Visual Studio Version 17
VisualStudioVersion = 17.4.33205.214
MinimumVisualStudioVersion = 10.0.40219.1
Project("{FAE04EC0-301F-11D3-BF4B-00C04F79EFBC}") = "guessing game 2023", "guessing game 2023\guessing game 2023.csproj", "{2EEB29DB-E71B-4B7C-8307-3E2C0B807ED7}"
EndProject
Global
	GlobalSection(SolutionConfigurationPlatforms) = preSolution
		Debug|Any CPU = Debug|Any CPU
		Release|Any CPU = Release|Any CPU
	EndGlobalSection
	GlobalSection(ProjectConfigurationPlatforms) = postSolution
		{2EEB29DB-E71B-4B7C-8307-3E2C0B807ED7}.Debug|Any CPU.ActiveCfg = Debug|Any CPU
		{2EEB29DB-E71B-4B7C-8307-3E2C0B807ED7}.Debug|Any CPU.Build.0 = Debug|Any CPU
		{2EEB29DB-E71B-4B7C-8307-3E2C0B807ED7}.Release|Any CPU.ActiveCfg = Release|Any CPU
		{2EEB29DB-E71B-4B7C-8307-3E2C0B807ED7}.Release|Any CPU.Build.0 = Release|Any CPU
	EndGlobalSection
	GlobalSection(SolutionProperties) = preSolution
		HideSolutionNode = FALSE
	EndGlobalSection
	GlobalSection(ExtensibilityGlobals) = postSolution
		SolutionGuid = {233A8115-CF22-464E-A436-72DCF467565E}
	EndGlobalSection
EndGlobal
